
Microsoft Visual Studio Solution File, Format Version 12.00
# Visual Studio 15
VisualStudioVersion = 15.0.28307.421
MinimumVisualStudioVersion = 10.0.40219.1
Project("{FAE04EC0-301F-11D3-BF4B-00C04F79EFBC}") = "AzureJSTree", "AzureJSTree\AzureJSTree.csproj", "{A7D04496-F34C-45A7-B1EA-226EB9C5CB1F}"
EndProject
Global
	GlobalSection(SolutionConfigurationPlatforms) = preSolution
		Debug|Any CPU = Debug|Any CPU
		Release|Any CPU = Release|Any CPU
	EndGlobalSection
	GlobalSection(ProjectConfigurationPlatforms) = postSolution
		{A7D04496-F34C-45A7-B1EA-226EB9C5CB1F}.Debug|Any CPU.ActiveCfg = Debug|Any CPU
		{A7D04496-F34C-45A7-B1EA-226EB9C5CB1F}.Debug|Any CPU.Build.0 = Debug|Any CPU
		{A7D04496-F34C-45A7-B1EA-226EB9C5CB1F}.Release|Any CPU.ActiveCfg = Release|Any CPU
		{A7D04496-F34C-45A7-B1EA-226EB9C5CB1F}.Release|Any CPU.Build.0 = Release|Any CPU
	EndGlobalSection
	GlobalSection(SolutionProperties) = preSolution
		HideSolutionNode = FALSE
	EndGlobalSection
	GlobalSection(ExtensibilityGlobals) = postSolution
		SolutionGuid = {BF2D3C73-579C-44FF-8ED0-86277692F676}
	EndGlobalSection
EndGlobal
